# THIS IS AN AUTOGENERATED FILE. DO NOT EDIT THIS FILE DIRECTLY.
# yarn lockfile v1


"@emailjs/browser@^3.11.0":
  version "3.11.0"
  resolved "https://registry.yarnpkg.com/@emailjs/browser/-/browser-3.11.0.tgz#0e78de2f85096d1a9ad5b5977b060bb5d1784cb4"
  integrity sha512-RkY3FKZ3fPdK++OeF46mRTFpmmQWCHUVHZH209P3NE4D5sg2Atg7S2wa3gw5062Gl4clt4Wn5SyC4WhlVZC5pA==

dotenv@^16.0.3:
  version "16.0.3"
  resolved "https://registry.npmjs.org/dotenv/-/dotenv-16.0.3.tgz"
  integrity sha512-7GO6HghkA5fYG9TYnNxi14/7K9f5occMlp3zXAuSxn7CKCxt9xbNWG7yF8hTCSUchlfWSe3uLmlPfigevRItzQ==

nodemailer@^6.9.1:
  version "6.9.1"
  resolved "https://registry.npmjs.org/nodemailer/-/nodemailer-6.9.1.tgz"
  integrity sha512-qHw7dOiU5UKNnQpXktdgQ1d3OFgRAekuvbJLcdG5dnEo/GtcTHRYM7+UfJARdOFU9WUQO8OiIamgWPmiSFHYAA==
